
Microsoft Visual Studio Solution File, Format Version 12.00
# Visual Studio Version 16
VisualStudioVersion = 16.0.29609.76
MinimumVisualStudioVersion = 10.0.40219.1
Project("{FAE04EC0-301F-11D3-BF4B-00C04F79EFBC}") = "QnA.Website", "QnA.Website\QnA.Website.csproj", "{19CA5073-2F17-4414-8B99-FA222F4AA06A}"
EndProject
Project("{FAE04EC0-301F-11D3-BF4B-00C04F79EFBC}") = "QnA.Application", "QnA.Application\QnA.Application.csproj", "{CE94A87C-4F3C-4320-A8DC-CE7BC50D41EE}"
EndProject
Project("{FAE04EC0-301F-11D3-BF4B-00C04F79EFBC}") = "QnA.Domain", "QnA.Domain\QnA.Domain.csproj", "{CC3A494A-07D3-43ED-9308-9793A57B7AE4}"
EndProject
Project("{FAE04EC0-301F-11D3-BF4B-00C04F79EFBC}") = "QnA.Persistence", "QnA.Persistence\QnA.Persistence.csproj", "{1523C67F-1CC2-463A-A638-7A17DFE3129D}"
EndProject
Project("{FAE04EC0-301F-11D3-BF4B-00C04F79EFBC}") = "QnA.Infrastructure", "QnA.Infrastructure\QnA.Infrastructure.csproj", "{67A80BE2-D31B-45BE-9299-905CE0947CB4}"
EndProject
Global
	GlobalSection(SolutionConfigurationPlatforms) = preSolution
		Debug|Any CPU = Debug|Any CPU
		Release|Any CPU = Release|Any CPU
	EndGlobalSection
	GlobalSection(ProjectConfigurationPlatforms) = postSolution
		{19CA5073-2F17-4414-8B99-FA222F4AA06A}.Debug|Any CPU.ActiveCfg = Debug|Any CPU
		{19CA5073-2F17-4414-8B99-FA222F4AA06A}.Debug|Any CPU.Build.0 = Debug|Any CPU
		{19CA5073-2F17-4414-8B99-FA222F4AA06A}.Release|Any CPU.ActiveCfg = Release|Any CPU
		{19CA5073-2F17-4414-8B99-FA222F4AA06A}.Release|Any CPU.Build.0 = Release|Any CPU
		{CE94A87C-4F3C-4320-A8DC-CE7BC50D41EE}.Debug|Any CPU.ActiveCfg = Debug|Any CPU
		{CE94A87C-4F3C-4320-A8DC-CE7BC50D41EE}.Debug|Any CPU.Build.0 = Debug|Any CPU
		{CE94A87C-4F3C-4320-A8DC-CE7BC50D41EE}.Release|Any CPU.ActiveCfg = Release|Any CPU
		{CE94A87C-4F3C-4320-A8DC-CE7BC50D41EE}.Release|Any CPU.Build.0 = Release|Any CPU
		{CC3A494A-07D3-43ED-9308-9793A57B7AE4}.Debug|Any CPU.ActiveCfg = Debug|Any CPU
		{CC3A494A-07D3-43ED-9308-9793A57B7AE4}.Debug|Any CPU.Build.0 = Debug|Any CPU
		{CC3A494A-07D3-43ED-9308-9793A57B7AE4}.Release|Any CPU.ActiveCfg = Release|Any CPU
		{CC3A494A-07D3-43ED-9308-9793A57B7AE4}.Release|Any CPU.Build.0 = Release|Any CPU
		{1523C67F-1CC2-463A-A638-7A17DFE3129D}.Debug|Any CPU.ActiveCfg = Debug|Any CPU
		{1523C67F-1CC2-463A-A638-7A17DFE3129D}.Debug|Any CPU.Build.0 = Debug|Any CPU
		{1523C67F-1CC2-463A-A638-7A17DFE3129D}.Release|Any CPU.ActiveCfg = Release|Any CPU
		{1523C67F-1CC2-463A-A638-7A17DFE3129D}.Release|Any CPU.Build.0 = Release|Any CPU
		{67A80BE2-D31B-45BE-9299-905CE0947CB4}.Debug|Any CPU.ActiveCfg = Debug|Any CPU
		{67A80BE2-D31B-45BE-9299-905CE0947CB4}.Debug|Any CPU.Build.0 = Debug|Any CPU
		{67A80BE2-D31B-45BE-9299-905CE0947CB4}.Release|Any CPU.ActiveCfg = Release|Any CPU
		{67A80BE2-D31B-45BE-9299-905CE0947CB4}.Release|Any CPU.Build.0 = Release|Any CPU
	EndGlobalSection
	GlobalSection(SolutionProperties) = preSolution
		HideSolutionNode = FALSE
	EndGlobalSection
	GlobalSection(ExtensibilityGlobals) = postSolution
		SolutionGuid = {A8C9AC3B-78C0-415D-99FA-E3225AB62967}
	EndGlobalSection
EndGlobal
